version = 1
revision = 1
requires-python = ">=3.14"

[[package]]
name = "arxiv"
version = "2.4.0"
source = { registry = "https://pypi.org/simple" }
dependencies = [
    { name = "feedparser" },
    { name = "requests" },
]
sdist = { url = "https://files.pythonhosted.org/packages/8d/aa/dc1c6c633f63fce090e7c067af8c528a5e61218a61c266ff615d46cbde0a/arxiv-2.4.0.tar.gz", hash = "sha256:cabe5470d031aa3f22d2744a7600391c62c3489653f0c62bec9019e62bb0554b", size = 74546 }
wheels = [
    { url = "https://files.pythonhosted.org/packages/11/63/9e71153b2d48c98f8079c90d7211bc65515cc1ad18c3328c3c0472e68f44/arxiv-2.4.0-py3-none-any.whl", hash = "sha256:c02ccb09a777aaadd75d3bc1d2627894ef9c987c651d0dacd864b9f69fb0569f", size = 12065 },
]

[[package]]
name = "arxiv-rag"
version = "0.1.0"
source = { virtual = "." }
dependencies = [
    { name = "arxiv" },
    { name = "pymupdf" },
    { name = "requests" },
    { name = "rich" },
    { name = "tiktoken" },
]

[package.dev-dependencies]
dev = [
    { name = "pytest" },
    { name = "ruff" },
]

[package.metadata]
requires-dist = [
    { name = "arxiv", specifier = ">=2.1.0" },
    { name = "pymupdf", specifier = ">=1.23" },
    { name = "requests", specifier = ">=2.32.5" },
    { name = "rich", specifier = ">=14.3.2" },
    { name = "tiktoken", specifier = ">=0.11.0" },
]

[package.metadata.requires-dev]
dev = [
    { name = "pytest", specifier = ">=9.0.2" },
    { name = "ruff", specifier = ">=0.14.14" },
]

[[package]]
name = "certifi"
version = "2026.1.4"
source = { registry = "https://pypi.org/simple" }
sdist = { url = "https://files.pythonhosted.org/packages/e0/2d/a891ca51311197f6ad14a7ef42e2399f36cf2f9bd44752b3dc4eab60fdc5/certifi-2026.1.4.tar.gz", hash = "sha256:ac726dd470482006e014ad384921ed6438c457018f4b3d204aea4281258b2120", size = 154268 }
wheels = [
    { url = "https://files.pythonhosted.org/packages/e6/ad/3cc14f097111b4de0040c83a525973216457bbeeb63739ef1ed275c1c021/certifi-2026.1.4-py3-none-any.whl", hash = "sha256:9943707519e4add1115f44c2bc244f782c0249876bf51b6599fee1ffbedd685c", size = 152900 },
]

[[package]]
name = "charset-normalizer"
version = "3.4.4"
source = { registry = "https://pypi.org/simple" }
sdist = { url = "https://files.pythonhosted.org/packages/13/69/33ddede1939fdd074bce5434295f38fae7136463422fe4fd3e0e89b98062/charset_normalizer-3.4.4.tar.gz", hash = "sha256:94537985111c35f28720e43603b8e7b43a6ecfb2ce1d3058bbe955b73404e21a", size = 129418 }
wheels = [
    { url = "https://files.pythonhosted.org/packages/2a/35/7051599bd493e62411d6ede36fd5af83a38f37c4767b92884df7301db25d/charset_normalizer-3.4.4-cp314-cp314-macosx_10_13_universal2.whl", hash = "sha256:da3326d9e65ef63a817ecbcc0df6e94463713b754fe293eaa03da99befb9a5bd", size = 207746 },
    { url = "https://files.pythonhosted.org/packages/10/9a/97c8d48ef10d6cd4fcead2415523221624bf58bcf68a802721a6bc807c8f/charset_normalizer-3.4.4-cp314-cp314-manylinux2014_aarch64.manylinux_2_17_aarch64.manylinux_2_28_aarch64.whl", hash = "sha256:8af65f14dc14a79b924524b1e7fffe304517b2bff5a58bf64f30b98bbc5079eb", size = 147889 },
    { url = "https://files.pythonhosted.org/packages/10/bf/979224a919a1b606c82bd2c5fa49b5c6d5727aa47b4312bb27b1734f53cd/charset_normalizer-3.4.4-cp314-cp314-manylinux2014_armv7l.manylinux_2_17_armv7l.manylinux_2_31_armv7l.whl", hash = "sha256:74664978bb272435107de04e36db5a9735e78232b85b77d45cfb38f758efd33e", size = 143641 },
    { url = "https://files.pythonhosted.org/packages/ba/33/0ad65587441fc730dc7bd90e9716b30b4702dc7b617e6ba4997dc8651495/charset_normalizer-3.4.4-cp314-cp314-manylinux2014_ppc64le.manylinux_2_17_ppc64le.manylinux_2_28_ppc64le.whl", hash = "sha256:752944c7ffbfdd10c074dc58ec2d5a8a4cd9493b314d367c14d24c17684ddd14", size = 160779 },
    { url = "https://files.pythonhosted.org/packages/67/ed/331d6b249259ee71ddea93f6f2f0a56cfebd46938bde6fcc6f7b9a3d0e09/charset_normalizer-3.4.4-cp314-cp314-manylinux2014_s390x.manylinux_2_17_s390x.manylinux_2_28_s390x.whl", hash = "sha256:d1f13550535ad8cff21b8d757a3257963e951d96e20ec82ab44bc64aeb62a191", size = 159035 },
    { url = "https://files.pythonhosted.org/packages/67/ff/f6b948ca32e4f2a4576aa129d8bed61f2e0543bf9f5f2b7fc3758ed005c9/charset_normalizer-3.4.4-cp314-cp314-manylinux2014_x86_64.manylinux_2_17_x86_64.manylinux_2_28_x86_64.whl", hash = "sha256:ecaae4149d99b1c9e7b88bb03e3221956f68fd6d50be2ef061b2381b61d20838", size = 152542 },
    { url = "https://files.pythonhosted.org/packages/16/85/276033dcbcc369eb176594de22728541a925b2632f9716428c851b149e83/charset_normalizer-3.4.4-cp314-cp314-manylinux_2_31_riscv64.manylinux_2_39_riscv64.whl", hash = "sha256:cb6254dc36b47a990e59e1068afacdcd02958bdcce30bb50cc1700a8b9d624a6", size = 149524 },
    { url = "https://files.pythonhosted.org/packages/9e/f2/6a2a1f722b6aba37050e626530a46a68f74e63683947a8acff92569f979a/charset_normalizer-3.4.4-cp314-cp314-musllinux_1_2_aarch64.whl", hash = "sha256:c8ae8a0f02f57a6e61203a31428fa1d677cbe50c93622b4149d5c0f319c1d19e", size = 150395 },
    { url = "https://files.pythonhosted.org/packages/60/bb/2186cb2f2bbaea6338cad15ce23a67f9b0672929744381e28b0592676824/charset_normalizer-3.4.4-cp314-cp314-musllinux_1_2_armv7l.whl", hash = "sha256:47cc91b2f4dd2833fddaedd2893006b0106129d4b94fdb6af1f4ce5a9965577c", size = 143680 },
    { url = "https://files.pythonhosted.org/packages/7d/a5/bf6f13b772fbb2a90360eb620d52ed8f796f3c5caee8398c3b2eb7b1c60d/charset_normalizer-3.4.4-cp314-cp314-musllinux_1_2_ppc64le.whl", hash = "sha256:82004af6c302b5d3ab2cfc4cc5f29db16123b1a8417f2e25f9066f91d4411090", size = 162045 },
    { url = "https://files.pythonhosted.org/packages/df/c5/d1be898bf0dc3ef9030c3825e5d3b83f2c528d207d246cbabe245966808d/charset_normalizer-3.4.4-cp314-cp314-musllinux_1_2_riscv64.whl", hash = "sha256:2b7d8f6c26245217bd2ad053761201e9f9680f8ce52f0fcd8d0755aeae5b2152", size = 149687 },
    { url = "https://files.pythonhosted.org/packages/a5/42/90c1f7b9341eef50c8a1cb3f098ac43b0508413f33affd762855f67a410e/charset_normalizer-3.4.4-cp314-cp314-musllinux_1_2_s390x.whl", hash = "sha256:799a7a5e4fb2d5898c60b640fd4981d6a25f1c11790935a44ce38c54e985f828", size = 160014 },
    { url = "https://files.pythonhosted.org/packages/76/be/4d3ee471e8145d12795ab655ece37baed0929462a86e72372fd25859047c/charset_normalizer-3.4.4-cp314-cp314-musllinux_1_2_x86_64.whl", hash = "sha256:99ae2cffebb06e6c22bdc25801d7b30f503cc87dbd283479e7b606f70aff57ec", size = 154044 },
    { url = "https://files.pythonhosted.org/packages/b0/6f/8f7af07237c34a1defe7defc565a9bc1807762f672c0fde711a4b22bf9c0/charset_normalizer-3.4.4-cp314-cp314-win32.whl", hash = "sha256:f9d332f8c2a2fcbffe1378594431458ddbef721c1769d78e2cbc06280d8155f9", size = 99940 },
    { url = "https://files.pythonhosted.org/packages/4b/51/8ade005e5ca5b0d80fb4aff72a3775b325bdc3d27408c8113811a7cbe640/charset_normalizer-3.4.4-cp314-cp314-win_amd64.whl", hash = "sha256:8a6562c3700cce886c5be75ade4a5db4214fda19fede41d9792d100288d8f94c", size = 107104 },
    { url = "https://files.pythonhosted.org/packages/da/5f/6b8f83a55bb8278772c5ae54a577f3099025f9ade59d0136ac24a0df4bde/charset_normalizer-3.4.4-cp314-cp314-win_arm64.whl", hash = "sha256:de00632ca48df9daf77a2c65a484531649261ec9f25489917f09e455cb09ddb2", size = 100743 },
    { url = "https://files.pythonhosted.org/packages/0a/4c/925909008ed5a988ccbb72dcc897407e5d6d3bd72410d69e051fc0c14647/charset_normalizer-3.4.4-py3-none-any.whl", hash = "sha256:7a32c560861a02ff789ad905a2fe94e3f840803362c84fecf1851cb4cf3dc37f", size = 53402 },
]

[[package]]
name = "colorama"
version = "0.4.6"
source = { registry = "https://pypi.org/simple" }
sdist = { url = "https://files.pythonhosted.org/packages/d8/53/6f443c9a4a8358a93a6792e2acffb9d9d5cb0a5cfd8802644b7b1c9a02e4/colorama-0.4.6.tar.gz", hash = "sha256:08695f5cb7ed6e0531a20572697297273c47b8cae5a63ffc6d6ed5c201be6e44", size = 27697 }
wheels = [
    { url = "https://files.pythonhosted.org/packages/d1/d6/3965ed04c63042e047cb6a3e6ed1a63a35087b6a609aa3a15ed8ac56c221/colorama-0.4.6-py2.py3-none-any.whl", hash = "sha256:4f1d9991f5acc0ca119f9d443620b77f9d6b33703e51011c16baf57afb285fc6", size = 25335 },
]

[[package]]
name = "feedparser"
version = "6.0.12"
source = { registry = "https://pypi.org/simple" }
dependencies = [
    { name = "sgmllib3k" },
]
sdist = { url = "https://files.pythonhosted.org/packages/dc/79/db7edb5e77d6dfbc54d7d9df72828be4318275b2e580549ff45a962f6461/feedparser-6.0.12.tar.gz", hash = "sha256:64f76ce90ae3e8ef5d1ede0f8d3b50ce26bcce71dd8ae5e82b1cd2d4a5f94228", size = 286579 }
wheels = [
    { url = "https://files.pythonhosted.org/packages/4e/eb/c96d64137e29ae17d83ad2552470bafe3a7a915e85434d9942077d7fd011/feedparser-6.0.12-py3-none-any.whl", hash = "sha256:6bbff10f5a52662c00a2e3f86a38928c37c48f77b3c511aedcd51de933549324", size = 81480 },
]

[[package]]
name = "idna"
version = "3.11"
source = { registry = "https://pypi.org/simple" }
sdist = { url = "https://files.pythonhosted.org/packages/6f/6d/0703ccc57f3a7233505399edb88de3cbd678da106337b9fcde432b65ed60/idna-3.11.tar.gz", hash = "sha256:795dafcc9c04ed0c1fb032c2aa73654d8e8c5023a7df64a53f39190ada629902", size = 194582 }
wheels = [
    { url = "https://files.pythonhosted.org/packages/0e/61/66938bbb5fc52dbdf84594873d5b51fb1f7c7794e9c0f5bd885f30bc507b/idna-3.11-py3-none-any.whl", hash = "sha256:771a87f49d9defaf64091e6e6fe9c18d4833f140bd19464795bc32d966ca37ea", size = 71008 },
]

[[package]]
name = "iniconfig"
version = "2.3.0"
source = { registry = "https://pypi.org/simple" }
sdist = { url = "https://files.pythonhosted.org/packages/72/34/14ca021ce8e5dfedc35312d08ba8bf51fdd999c576889fc2c24cb97f4f10/iniconfig-2.3.0.tar.gz", hash = "sha256:c76315c77db068650d49c5b56314774a7804df16fee4402c1f19d6d15d8c4730", size = 20503 }
wheels = [
    { url = "https://files.pythonhosted.org/packages/cb/b1/3846dd7f199d53cb17f49cba7e651e9ce294d8497c8c150530ed11865bb8/iniconfig-2.3.0-py3-none-any.whl", hash = "sha256:f631c04d2c48c52b84d0d0549c99ff3859c98df65b3101406327ecc7d53fbf12", size = 7484 },
]

[[package]]
name = "markdown-it-py"
version = "4.0.0"
source = { registry = "https://pypi.org/simple" }
dependencies = [
    { name = "mdurl" },
]
sdist = { url = "https://files.pythonhosted.org/packages/5b/f5/4ec618ed16cc4f8fb3b701563655a69816155e79e24a17b651541804721d/markdown_it_py-4.0.0.tar.gz", hash = "sha256:cb0a2b4aa34f932c007117b194e945bd74e0ec24133ceb5bac59009cda1cb9f3", size = 73070 }
wheels = [
    { url = "https://files.pythonhosted.org/packages/94/54/e7d793b573f298e1c9013b8c4dade17d481164aa517d1d7148619c2cedbf/markdown_it_py-4.0.0-py3-none-any.whl", hash = "sha256:87327c59b172c5011896038353a81343b6754500a08cd7a4973bb48c6d578147", size = 87321 },
]

[[package]]
name = "mdurl"
version = "0.1.2"
source = { registry = "https://pypi.org/simple" }
sdist = { url = "https://files.pythonhosted.org/packages/d6/54/cfe61301667036ec958cb99bd3efefba235e65cdeb9c84d24a8293ba1d90/mdurl-0.1.2.tar.gz", hash = "sha256:bb413d29f5eea38f31dd4754dd7377d4465116fb207585f97bf925588687c1ba", size = 8729 }
wheels = [
    { url = "https://files.pythonhosted.org/packages/b3/38/89ba8ad64ae25be8de66a6d463314cf1eb366222074cfda9ee839c56a4b4/mdurl-0.1.2-py3-none-any.whl", hash = "sha256:84008a41e51615a49fc9966191ff91509e3c40b939176e643fd50a5c2196b8f8", size = 9979 },
]

[[package]]
name = "packaging"
version = "26.0"
source = { registry = "https://pypi.org/simple" }
sdist = { url = "https://files.pythonhosted.org/packages/65/ee/299d360cdc32edc7d2cf530f3accf79c4fca01e96ffc950d8a52213bd8e4/packaging-26.0.tar.gz", hash = "sha256:00243ae351a257117b6a241061796684b084ed1c516a08c48a3f7e147a9d80b4", size = 143416 }
wheels = [
    { url = "https://files.pythonhosted.org/packages/b7/b9/c538f279a4e237a006a2c98387d081e9eb060d203d8ed34467cc0f0b9b53/packaging-26.0-py3-none-any.whl", hash = "sha256:b36f1fef9334a5588b4166f8bcd26a14e521f2b55e6b9de3aaa80d3ff7a37529", size = 74366 },
]

[[package]]
name = "pluggy"
version = "1.6.0"
source = { registry = "https://pypi.org/simple" }
sdist = { url = "https://files.pythonhosted.org/packages/f9/e2/3e91f31a7d2b083fe6ef3fa267035b518369d9511ffab804f839851d2779/pluggy-1.6.0.tar.gz", hash = "sha256:7dcc130b76258d33b90f61b658791dede3486c3e6bfb003ee5c9bfb396dd22f3", size = 69412 }
wheels = [
    { url = "https://files.pythonhosted.org/packages/54/20/4d324d65cc6d9205fabedc306948156824eb9f0ee1633355a8f7ec5c66bf/pluggy-1.6.0-py3-none-any.whl", hash = "sha256:e920276dd6813095e9377c0bc5566d94c932c33b27a3e3945d8389c374dd4746", size = 20538 },
]

[[package]]
name = "pygments"
version = "2.19.2"
source = { registry = "https://pypi.org/simple" }
sdist = { url = "https://files.pythonhosted.org/packages/b0/77/a5b8c569bf593b0140bde72ea885a803b82086995367bf2037de0159d924/pygments-2.19.2.tar.gz", hash = "sha256:636cb2477cec7f8952536970bc533bc43743542f70392ae026374600add5b887", size = 4968631 }
wheels = [
    { url = "https://files.pythonhosted.org/packages/c7/21/705964c7812476f378728bdf590ca4b771ec72385c533964653c68e86bdc/pygments-2.19.2-py3-none-any.whl", hash = "sha256:86540386c03d588bb81d44bc3928634ff26449851e99741617ecb9037ee5ec0b", size = 1225217 },
]

[[package]]
name = "pymupdf"
version = "1.26.7"
source = { registry = "https://pypi.org/simple" }
sdist = { url = "https://files.pythonhosted.org/packages/48/d6/09b28f027b510838559f7748807192149c419b30cb90e6d5f0cf916dc9dc/pymupdf-1.26.7.tar.gz", hash = "sha256:71add8bdc8eb1aaa207c69a13400693f06ad9b927bea976f5d5ab9df0bb489c3", size = 84327033 }
wheels = [
    { url = "https://files.pythonhosted.org/packages/94/35/cd74cea1787b2247702ef8522186bdef32e9cb30a099e6bb864627ef6045/pymupdf-1.26.7-cp310-abi3-macosx_10_9_x86_64.whl", hash = "sha256:07085718dfdae5ab83b05eb5eb397f863bcc538fe05135318a01ea353e7a1353", size = 23179369 },
    { url = "https://files.pythonhosted.org/packages/72/74/448b6172927c829c6a3fba80078d7b0a016ebbe2c9ee528821f5ea21677a/pymupdf-1.26.7-cp310-abi3-macosx_11_0_arm64.whl", hash = "sha256:31aa9c8377ea1eea02934b92f4dcf79fb2abba0bf41f8a46d64c3e31546a3c02", size = 22470101 },
    { url = "https://files.pythonhosted.org/packages/65/e7/47af26f3ac76be7ac3dd4d6cc7ee105948a8355d774e5ca39857bf91c11c/pymupdf-1.26.7-cp310-abi3-manylinux_2_28_aarch64.whl", hash = "sha256:e419b609996434a14a80fa060adec72c434a1cca6a511ec54db9841bc5d51b3c", size = 23502486 },
    { url = "https://files.pythonhosted.org/packages/2a/6b/3de1714d734ff949be1e90a22375d0598d3540b22ae73eb85c2d7d1f36a9/pymupdf-1.26.7-cp310-abi3-manylinux_2_28_x86_64.whl", hash = "sha256:69dfc78f206a96e5b3ac22741263ebab945fdf51f0dbe7c5757c3511b23d9d72", size = 24115727 },
    { url = "https://files.pythonhosted.org/packages/62/9b/f86224847949577a523be2207315ae0fd3155b5d909cd66c274d095349a3/pymupdf-1.26.7-cp310-abi3-musllinux_1_2_x86_64.whl", hash = "sha256:1d5106f46e1ca0d64d46bd51892372a4f82076bdc14a9678d33d630702abca36", size = 24324386 },
    { url = "https://files.pythonhosted.org/packages/85/8e/a117d39092ca645fde8b903f4a941d9aa75b370a67b4f1f435f56393dc5a/pymupdf-1.26.7-cp310-abi3-win32.whl", hash = "sha256:7c9645b6f5452629c747690190350213d3e5bbdb6b2eca227d82702b327f6eee", size = 17203888 },
    { url = "https://files.pythonhosted.org/packages/dd/c3/d0047678146c294469c33bae167c8ace337deafb736b0bf97b9bc481aa65/pymupdf-1.26.7-cp310-abi3-win_amd64.whl", hash = "sha256:425b1befe40d41b72eb0fe211711c7ae334db5eb60307e9dd09066ed060cceba", size = 18405952 },
]

[[package]]
name = "pytest"
version = "9.0.2"
source = { registry = "https://pypi.org/simple" }
dependencies = [
    { name = "colorama", marker = "sys_platform == 'win32'" },
    { name = "iniconfig" },
    { name = "packaging" },
    { name = "pluggy" },
    { name = "pygments" },
]
sdist = { url = "https://files.pythonhosted.org/packages/d1/db/7ef3487e0fb0049ddb5ce41d3a49c235bf9ad299b6a25d5780a89f19230f/pytest-9.0.2.tar.gz", hash = "sha256:75186651a92bd89611d1d9fc20f0b4345fd827c41ccd5c299a868a05d70edf11", size = 1568901 }
wheels = [
    { url = "https://files.pythonhosted.org/packages/3b/ab/b3226f0bd7cdcf710fbede2b3548584366da3b19b5021e74f5bde2a8fa3f/pytest-9.0.2-py3-none-any.whl", hash = "sha256:711ffd45bf766d5264d487b917733b453d917afd2b0ad65223959f59089f875b", size = 374801 },
]

[[package]]
name = "regex"
version = "2026.1.15"
source = { registry = "https://pypi.org/simple" }
sdist = { url = "https://files.pythonhosted.org/packages/0b/86/07d5056945f9ec4590b518171c4254a5925832eb727b56d3c38a7476f316/regex-2026.1.15.tar.gz", hash = "sha256:164759aa25575cbc0651bef59a0b18353e54300d79ace8084c818ad8ac72b7d5", size = 414811 }
wheels = [
    { url = "https://files.pythonhosted.org/packages/52/0a/47fa888ec7cbbc7d62c5f2a6a888878e76169170ead271a35239edd8f0e8/regex-2026.1.15-cp314-cp314-macosx_10_13_universal2.whl", hash = "sha256:d920392a6b1f353f4aa54328c867fec3320fa50657e25f64abf17af054fc97ac", size = 489170 },
    { url = "https://files.pythonhosted.org/packages/ac/c4/d000e9b7296c15737c9301708e9e7fbdea009f8e93541b6b43bdb8219646/regex-2026.1.15-cp314-cp314-macosx_10_13_x86_64.whl", hash = "sha256:b5a28980a926fa810dbbed059547b02783952e2efd9c636412345232ddb87ff6", size = 291146 },
    { url = "https://files.pythonhosted.org/packages/f9/b6/921cc61982e538682bdf3bdf5b2c6ab6b34368da1f8e98a6c1ddc503c9cf/regex-2026.1.15-cp314-cp314-macosx_11_0_arm64.whl", hash = "sha256:621f73a07595d83f28952d7bd1e91e9d1ed7625fb7af0064d3516674ec93a2a2", size = 288986 },
    { url = "https://files.pythonhosted.org/packages/ca/33/eb7383dde0bbc93f4fb9d03453aab97e18ad4024ac7e26cef8d1f0a2cff0/regex-2026.1.15-cp314-cp314-manylinux2014_aarch64.manylinux_2_17_aarch64.manylinux_2_28_aarch64.whl", hash = "sha256:3d7d92495f47567a9b1669c51fc8d6d809821849063d168121ef801bbc213846", size = 799098 },
    { url = "https://files.pythonhosted.org/packages/27/56/b664dccae898fc8d8b4c23accd853f723bde0f026c747b6f6262b688029c/regex-2026.1.15-cp314-cp314-manylinux2014_ppc64le.manylinux_2_17_ppc64le.manylinux_2_28_ppc64le.whl", hash = "sha256:8dd16fba2758db7a3780a051f245539c4451ca20910f5a5e6ea1c08d06d4a76b", size = 864980 },
    { url = "https://files.pythonhosted.org/packages/16/40/0999e064a170eddd237bae9ccfcd8f28b3aa98a38bf727a086425542a4fc/regex-2026.1.15-cp314-cp314-manylinux2014_s390x.manylinux_2_17_s390x.manylinux_2_28_s390x.whl", hash = "sha256:1e1808471fbe44c1a63e5f577a1d5f02fe5d66031dcbdf12f093ffc1305a858e", size = 911607 },
    { url = "https://files.pythonhosted.org/packages/07/78/c77f644b68ab054e5a674fb4da40ff7bffb2c88df58afa82dbf86573092d/regex-2026.1.15-cp314-cp314-manylinux2014_x86_64.manylinux_2_17_x86_64.manylinux_2_28_x86_64.whl", hash = "sha256:0751a26ad39d4f2ade8fe16c59b2bf5cb19eb3d2cd543e709e583d559bd9efde", size = 803358 },
    { url = "https://files.pythonhosted.org/packages/27/31/d4292ea8566eaa551fafc07797961c5963cf5235c797cc2ae19b85dfd04d/regex-2026.1.15-cp314-cp314-manylinux_2_31_riscv64.manylinux_2_39_riscv64.whl", hash = "sha256:0f0c7684c7f9ca241344ff95a1de964f257a5251968484270e91c25a755532c5", size = 775833 },
    { url = "https://files.pythonhosted.org/packages/ce/b2/cff3bf2fea4133aa6fb0d1e370b37544d18c8350a2fa118c7e11d1db0e14/regex-2026.1.15-cp314-cp314-musllinux_1_2_aarch64.whl", hash = "sha256:74f45d170a21df41508cb67165456538425185baaf686281fa210d7e729abc34", size = 788045 },
    { url = "https://files.pythonhosted.org/packages/8d/99/2cb9b69045372ec877b6f5124bda4eb4253bc58b8fe5848c973f752bc52c/regex-2026.1.15-cp314-cp314-musllinux_1_2_ppc64le.whl", hash = "sha256:f1862739a1ffb50615c0fde6bae6569b5efbe08d98e59ce009f68a336f64da75", size = 859374 },
    { url = "https://files.pythonhosted.org/packages/09/16/710b0a5abe8e077b1729a562d2f297224ad079f3a66dce46844c193416c8/regex-2026.1.15-cp314-cp314-musllinux_1_2_riscv64.whl", hash = "sha256:453078802f1b9e2b7303fb79222c054cb18e76f7bdc220f7530fdc85d319f99e", size = 763940 },
    { url = "https://files.pythonhosted.org/packages/dd/d1/7585c8e744e40eb3d32f119191969b91de04c073fca98ec14299041f6e7e/regex-2026.1.15-cp314-cp314-musllinux_1_2_s390x.whl", hash = "sha256:a30a68e89e5a218b8b23a52292924c1f4b245cb0c68d1cce9aec9bbda6e2c160", size = 850112 },
    { url = "https://files.pythonhosted.org/packages/af/d6/43e1dd85df86c49a347aa57c1f69d12c652c7b60e37ec162e3096194a278/regex-2026.1.15-cp314-cp314-musllinux_1_2_x86_64.whl", hash = "sha256:9479cae874c81bf610d72b85bb681a94c95722c127b55445285fb0e2c82db8e1", size = 789586 },
    { url = "https://files.pythonhosted.org/packages/93/38/77142422f631e013f316aaae83234c629555729a9fbc952b8a63ac91462a/regex-2026.1.15-cp314-cp314-win32.whl", hash = "sha256:d639a750223132afbfb8f429c60d9d318aeba03281a5f1ab49f877456448dcf1", size = 271691 },
    { url = "https://files.pythonhosted.org/packages/4a/a9/ab16b4649524ca9e05213c1cdbb7faa85cc2aa90a0230d2f796cbaf22736/regex-2026.1.15-cp314-cp314-win_amd64.whl", hash = "sha256:4161d87f85fa831e31469bfd82c186923070fc970b9de75339b68f0c75b51903", size = 280422 },
    { url = "https://files.pythonhosted.org/packages/be/2a/20fd057bf3521cb4791f69f869635f73e0aaf2b9ad2d260f728144f9047c/regex-2026.1.15-cp314-cp314-win_arm64.whl", hash = "sha256:91c5036ebb62663a6b3999bdd2e559fd8456d17e2b485bf509784cd31a8b1705", size = 273467 },
    { url = "https://files.pythonhosted.org/packages/ad/77/0b1e81857060b92b9cad239104c46507dd481b3ff1fa79f8e7f865aae38a/regex-2026.1.15-cp314-cp314t-macosx_10_13_universal2.whl", hash = "sha256:ee6854c9000a10938c79238de2379bea30c82e4925a371711af45387df35cab8", size = 492073 },
    { url = "https://files.pythonhosted.org/packages/70/f3/f8302b0c208b22c1e4f423147e1913fd475ddd6230565b299925353de644/regex-2026.1.15-cp314-cp314t-macosx_10_13_x86_64.whl", hash = "sha256:2c2b80399a422348ce5de4fe40c418d6299a0fa2803dd61dc0b1a2f28e280fcf", size = 292757 },
    { url = "https://files.pythonhosted.org/packages/bf/f0/ef55de2460f3b4a6da9d9e7daacd0cb79d4ef75c64a2af316e68447f0df0/regex-2026.1.15-cp314-cp314t-macosx_11_0_arm64.whl", hash = "sha256:dca3582bca82596609959ac39e12b7dad98385b4fefccb1151b937383cec547d", size = 291122 },
    { url = "https://files.pythonhosted.org/packages/cf/55/bb8ccbacabbc3a11d863ee62a9f18b160a83084ea95cdfc5d207bfc3dd75/regex-2026.1.15-cp314-cp314t-manylinux2014_aarch64.manylinux_2_17_aarch64.manylinux_2_28_aarch64.whl", hash = "sha256:ef71d476caa6692eea743ae5ea23cde3260677f70122c4d258ca952e5c2d4e84", size = 807761 },
    { url = "https://files.pythonhosted.org/packages/8f/84/f75d937f17f81e55679a0509e86176e29caa7298c38bd1db7ce9c0bf6075/regex-2026.1.15-cp314-cp314t-manylinux2014_ppc64le.manylinux_2_17_ppc64le.manylinux_2_28_ppc64le.whl", hash = "sha256:c243da3436354f4af6c3058a3f81a97d47ea52c9bd874b52fd30274853a1d5df", size = 873538 },
    { url = "https://files.pythonhosted.org/packages/b8/d9/0da86327df70349aa8d86390da91171bd3ca4f0e7c1d1d453a9c10344da3/regex-2026.1.15-cp314-cp314t-manylinux2014_s390x.manylinux_2_17_s390x.manylinux_2_28_s390x.whl", hash = "sha256:8355ad842a7c7e9e5e55653eade3b7d1885ba86f124dd8ab1f722f9be6627434", size = 915066 },
    { url = "https://files.pythonhosted.org/packages/2a/5e/f660fb23fc77baa2a61aa1f1fe3a4eea2bbb8a286ddec148030672e18834/regex-2026.1.15-cp314-cp314t-manylinux2014_x86_64.manylinux_2_17_x86_64.manylinux_2_28_x86_64.whl", hash = "sha256:f192a831d9575271a22d804ff1a5355355723f94f31d9eef25f0d45a152fdc1a", size = 812938 },
    { url = "https://files.pythonhosted.org/packages/69/33/a47a29bfecebbbfd1e5cd3f26b28020a97e4820f1c5148e66e3b7d4b4992/regex-2026.1.15-cp314-cp314t-manylinux_2_31_riscv64.manylinux_2_39_riscv64.whl", hash = "sha256:166551807ec20d47ceaeec380081f843e88c8949780cd42c40f18d16168bed10", size = 781314 },
    { url = "https://files.pythonhosted.org/packages/65/ec/7ec2bbfd4c3f4e494a24dec4c6943a668e2030426b1b8b949a6462d2c17b/regex-2026.1.15-cp314-cp314t-musllinux_1_2_aarch64.whl", hash = "sha256:f9ca1cbdc0fbfe5e6e6f8221ef2309988db5bcede52443aeaee9a4ad555e0dac", size = 795652 },
    { url = "https://files.pythonhosted.org/packages/46/79/a5d8651ae131fe27d7c521ad300aa7f1c7be1dbeee4d446498af5411b8a9/regex-2026.1.15-cp314-cp314t-musllinux_1_2_ppc64le.whl", hash = "sha256:b30bcbd1e1221783c721483953d9e4f3ab9c5d165aa709693d3f3946747b1aea", size = 868550 },
    { url = "https://files.pythonhosted.org/packages/06/b7/25635d2809664b79f183070786a5552dd4e627e5aedb0065f4e3cf8ee37d/regex-2026.1.15-cp314-cp314t-musllinux_1_2_riscv64.whl", hash = "sha256:2a8d7b50c34578d0d3bf7ad58cde9652b7d683691876f83aedc002862a35dc5e", size = 769981 },
    { url = "https://files.pythonhosted.org/packages/16/8b/fc3fcbb2393dcfa4a6c5ffad92dc498e842df4581ea9d14309fcd3c55fb9/regex-2026.1.15-cp314-cp314t-musllinux_1_2_s390x.whl", hash = "sha256:9d787e3310c6a6425eb346be4ff2ccf6eece63017916fd77fe8328c57be83521", size = 854780 },
    { url = "https://files.pythonhosted.org/packages/d0/38/dde117c76c624713c8a2842530be9c93ca8b606c0f6102d86e8cd1ce8bea/regex-2026.1.15-cp314-cp314t-musllinux_1_2_x86_64.whl", hash = "sha256:619843841e220adca114118533a574a9cd183ed8a28b85627d2844c500a2b0db", size = 799778 },
    { url = "https://files.pythonhosted.org/packages/e3/0d/3a6cfa9ae99606afb612d8fb7a66b245a9d5ff0f29bb347c8a30b6ad561b/regex-2026.1.15-cp314-cp314t-win32.whl", hash = "sha256:e90b8db97f6f2c97eb045b51a6b2c5ed69cedd8392459e0642d4199b94fabd7e", size = 274667 },
    { url = "https://files.pythonhosted.org/packages/5b/b2/297293bb0742fd06b8d8e2572db41a855cdf1cae0bf009b1cb74fe07e196/regex-2026.1.15-cp314-cp314t-win_amd64.whl", hash = "sha256:5ef19071f4ac9f0834793af85bd04a920b4407715624e40cb7a0631a11137cdf", size = 284386 },
    { url = "https://files.pythonhosted.org/packages/95/e4/a3b9480c78cf8ee86626cb06f8d931d74d775897d44201ccb813097ae697/regex-2026.1.15-cp314-cp314t-win_arm64.whl", hash = "sha256:ca89c5e596fc05b015f27561b3793dc2fa0917ea0d7507eebb448efd35274a70", size = 274837 },
]

[[package]]
name = "requests"
version = "2.32.5"
source = { registry = "https://pypi.org/simple" }
dependencies = [
    { name = "certifi" },
    { name = "charset-normalizer" },
    { name = "idna" },
    { name = "urllib3" },
]
sdist = { url = "https://files.pythonhosted.org/packages/c9/74/b3ff8e6c8446842c3f5c837e9c3dfcfe2018ea6ecef224c710c85ef728f4/requests-2.32.5.tar.gz", hash = "sha256:dbba0bac56e100853db0ea71b82b4dfd5fe2bf6d3754a8893c3af500cec7d7cf", size = 134517 }
wheels = [
    { url = "https://files.pythonhosted.org/packages/1e/db/4254e3eabe8020b458f1a747140d32277ec7a271daf1d235b70dc0b4e6e3/requests-2.32.5-py3-none-any.whl", hash = "sha256:2462f94637a34fd532264295e186976db0f5d453d1cdd31473c85a6a161affb6", size = 64738 },
]

[[package]]
name = "rich"
version = "14.3.2"
source = { registry = "https://pypi.org/simple" }
dependencies = [
    { name = "markdown-it-py" },
    { name = "pygments" },
]
sdist = { url = "https://files.pythonhosted.org/packages/74/99/a4cab2acbb884f80e558b0771e97e21e939c5dfb460f488d19df485e8298/rich-14.3.2.tar.gz", hash = "sha256:e712f11c1a562a11843306f5ed999475f09ac31ffb64281f73ab29ffdda8b3b8", size = 230143 }
wheels = [
    { url = "https://files.pythonhosted.org/packages/ef/45/615f5babd880b4bd7d405cc0dc348234c5ffb6ed1ea33e152ede08b2072d/rich-14.3.2-py3-none-any.whl", hash = "sha256:08e67c3e90884651da3239ea668222d19bea7b589149d8014a21c633420dbb69", size = 309963 },
]

[[package]]
name = "ruff"
version = "0.14.14"
source = { registry = "https://pypi.org/simple" }
sdist = { url = "https://files.pythonhosted.org/packages/2e/06/f71e3a86b2df0dfa2d2f72195941cd09b44f87711cb7fa5193732cb9a5fc/ruff-0.14.14.tar.gz", hash = "sha256:2d0f819c9a90205f3a867dbbd0be083bee9912e170fd7d9704cc8ae45824896b", size = 4515732 }
wheels = [
    { url = "https://files.pythonhosted.org/packages/d2/89/20a12e97bc6b9f9f68343952da08a8099c57237aef953a56b82711d55edd/ruff-0.14.14-py3-none-linux_armv6l.whl", hash = "sha256:7cfe36b56e8489dee8fbc777c61959f60ec0f1f11817e8f2415f429552846aed", size = 10467650 },
    { url = "https://files.pythonhosted.org/packages/a3/b1/c5de3fd2d5a831fcae21beda5e3589c0ba67eec8202e992388e4b17a6040/ruff-0.14.14-py3-none-macosx_10_12_x86_64.whl", hash = "sha256:6006a0082336e7920b9573ef8a7f52eec837add1265cc74e04ea8a4368cd704c", size = 10883245 },
    { url = "https://files.pythonhosted.org/packages/b8/7c/3c1db59a10e7490f8f6f8559d1db8636cbb13dccebf18686f4e3c9d7c772/ruff-0.14.14-py3-none-macosx_11_0_arm64.whl", hash = "sha256:026c1d25996818f0bf498636686199d9bd0d9d6341c9c2c3b62e2a0198b758de", size = 10231273 },
    { url = "https://files.pythonhosted.org/packages/a1/6e/5e0e0d9674be0f8581d1f5e0f0a04761203affce3232c1a1189d0e3b4dad/ruff-0.14.14-py3-none-manylinux_2_17_aarch64.manylinux2014_aarch64.whl", hash = "sha256:f666445819d31210b71e0a6d1c01e24447a20b85458eea25a25fe8142210ae0e", size = 10585753 },
    { url = "https://files.pythonhosted.org/packages/23/09/754ab09f46ff1884d422dc26d59ba18b4e5d355be147721bb2518aa2a014/ruff-0.14.14-py3-none-manylinux_2_17_armv7l.manylinux2014_armv7l.whl", hash = "sha256:3c0f18b922c6d2ff9a5e6c3ee16259adc513ca775bcf82c67ebab7cbd9da5bc8", size = 10286052 },
    { url = "https://files.pythonhosted.org/packages/c8/cc/e71f88dd2a12afb5f50733851729d6b571a7c3a35bfdb16c3035132675a0/ruff-0.14.14-py3-none-manylinux_2_17_i686.manylinux2014_i686.whl", hash = "sha256:1629e67489c2dea43e8658c3dba659edbfd87361624b4040d1df04c9740ae906", size = 11043637 },
    { url = "https://files.pythonhosted.org/packages/67/b2/397245026352494497dac935d7f00f1468c03a23a0c5db6ad8fc49ca3fb2/ruff-0.14.14-py3-none-manylinux_2_17_ppc64.manylinux2014_ppc64.whl", hash = "sha256:27493a2131ea0f899057d49d303e4292b2cae2bb57253c1ed1f256fbcd1da480", size = 12194761 },
    { url = "https://files.pythonhosted.org/packages/5b/06/06ef271459f778323112c51b7587ce85230785cd64e91772034ddb88f200/ruff-0.14.14-py3-none-manylinux_2_17_ppc64le.manylinux2014_ppc64le.whl", hash = "sha256:01ff589aab3f5b539e35db38425da31a57521efd1e4ad1ae08fc34dbe30bd7df", size = 12005701 },
    { url = "https://files.pythonhosted.org/packages/41/d6/99364514541cf811ccc5ac44362f88df66373e9fec1b9d1c4cc830593fe7/ruff-0.14.14-py3-none-manylinux_2_17_s390x.manylinux2014_s390x.whl", hash = "sha256:1cc12d74eef0f29f51775f5b755913eb523546b88e2d733e1d701fe65144e89b", size = 11282455 },
    { url = "https://files.pythonhosted.org/packages/ca/71/37daa46f89475f8582b7762ecd2722492df26421714a33e72ccc9a84d7a5/ruff-0.14.14-py3-none-manylinux_2_17_x86_64.manylinux2014_x86_64.whl", hash = "sha256:bb8481604b7a9e75eff53772496201690ce2687067e038b3cc31aaf16aa0b974", size = 11215882 },
    { url = "https://files.pythonhosted.org/packages/2c/10/a31f86169ec91c0705e618443ee74ede0bdd94da0a57b28e72db68b2dbac/ruff-0.14.14-py3-none-manylinux_2_31_riscv64.whl", hash = "sha256:14649acb1cf7b5d2d283ebd2f58d56b75836ed8c6f329664fa91cdea19e76e66", size = 11180549 },
    { url = "https://files.pythonhosted.org/packages/fd/1e/c723f20536b5163adf79bdd10c5f093414293cdf567eed9bdb7b83940f3f/ruff-0.14.14-py3-none-musllinux_1_2_aarch64.whl", hash = "sha256:e8058d2145566510790eab4e2fad186002e288dec5e0d343a92fe7b0bc1b3e13", size = 10543416 },
    { url = "https://files.pythonhosted.org/packages/3e/34/8a84cea7e42c2d94ba5bde1d7a4fae164d6318f13f933d92da6d7c2041ff/ruff-0.14.14-py3-none-musllinux_1_2_armv7l.whl", hash = "sha256:e651e977a79e4c758eb807f0481d673a67ffe53cfa92209781dfa3a996cf8412", size = 10285491 },
    { url = "https://files.pythonhosted.org/packages/55/ef/b7c5ea0be82518906c978e365e56a77f8de7678c8bb6651ccfbdc178c29f/ruff-0.14.14-py3-none-musllinux_1_2_i686.whl", hash = "sha256:cc8b22da8d9d6fdd844a68ae937e2a0adf9b16514e9a97cc60355e2d4b219fc3", size = 10733525 },
    { url = "https://files.pythonhosted.org/packages/6a/5b/aaf1dfbcc53a2811f6cc0a1759de24e4b03e02ba8762daabd9b6bd8c59e3/ruff-0.14.14-py3-none-musllinux_1_2_x86_64.whl", hash = "sha256:16bc890fb4cc9781bb05beb5ab4cd51be9e7cb376bf1dd3580512b24eb3fda2b", size = 11315626 },
    { url = "https://files.pythonhosted.org/packages/2c/aa/9f89c719c467dfaf8ad799b9bae0df494513fb21d31a6059cb5870e57e74/ruff-0.14.14-py3-none-win32.whl", hash = "sha256:b530c191970b143375b6a68e6f743800b2b786bbcf03a7965b06c4bf04568167", size = 10502442 },
    { url = "https://files.pythonhosted.org/packages/87/44/90fa543014c45560cae1fffc63ea059fb3575ee6e1cb654562197e5d16fb/ruff-0.14.14-py3-none-win_amd64.whl", hash = "sha256:3dde1435e6b6fe5b66506c1dff67a421d0b7f6488d466f651c07f4cab3bf20fd", size = 11630486 },
    { url = "https://files.pythonhosted.org/packages/9e/6a/40fee331a52339926a92e17ae748827270b288a35ef4a15c9c8f2ec54715/ruff-0.14.14-py3-none-win_arm64.whl", hash = "sha256:56e6981a98b13a32236a72a8da421d7839221fa308b223b9283312312e5ac76c", size = 10920448 },
]

[[package]]
name = "sgmllib3k"
version = "1.0.0"
source = { registry = "https://pypi.org/simple" }
sdist = { url = "https://files.pythonhosted.org/packages/9e/bd/3704a8c3e0942d711c1299ebf7b9091930adae6675d7c8f476a7ce48653c/sgmllib3k-1.0.0.tar.gz", hash = "sha256:7868fb1c8bfa764c1ac563d3cf369c381d1325d36124933a726f29fcdaa812e9", size = 5750 }

[[package]]
name = "tiktoken"
version = "0.12.0"
source = { registry = "https://pypi.org/simple" }
dependencies = [
    { name = "regex" },
    { name = "requests" },
]
sdist = { url = "https://files.pythonhosted.org/packages/7d/ab/4d017d0f76ec3171d469d80fc03dfbb4e48a4bcaddaa831b31d526f05edc/tiktoken-0.12.0.tar.gz", hash = "sha256:b18ba7ee2b093863978fcb14f74b3707cdc8d4d4d3836853ce7ec60772139931", size = 37806 }
wheels = [
    { url = "https://files.pythonhosted.org/packages/72/05/3abc1db5d2c9aadc4d2c76fa5640134e475e58d9fbb82b5c535dc0de9b01/tiktoken-0.12.0-cp314-cp314-macosx_10_13_x86_64.whl", hash = "sha256:a90388128df3b3abeb2bfd1895b0681412a8d7dc644142519e6f0a97c2111646", size = 1050188 },
    { url = "https://files.pythonhosted.org/packages/e3/7b/50c2f060412202d6c95f32b20755c7a6273543b125c0985d6fa9465105af/tiktoken-0.12.0-cp314-cp314-macosx_11_0_arm64.whl", hash = "sha256:da900aa0ad52247d8794e307d6446bd3cdea8e192769b56276695d34d2c9aa88", size = 993978 },
    { url = "https://files.pythonhosted.org/packages/14/27/bf795595a2b897e271771cd31cb847d479073497344c637966bdf2853da1/tiktoken-0.12.0-cp314-cp314-manylinux_2_28_aarch64.whl", hash = "sha256:285ba9d73ea0d6171e7f9407039a290ca77efcdb026be7769dccc01d2c8d7fff", size = 1129271 },
    { url = "https://files.pythonhosted.org/packages/f5/de/9341a6d7a8f1b448573bbf3425fa57669ac58258a667eb48a25dfe916d70/tiktoken-0.12.0-cp314-cp314-manylinux_2_28_x86_64.whl", hash = "sha256:d186a5c60c6a0213f04a7a802264083dea1bbde92a2d4c7069e1a56630aef830", size = 1151216 },
    { url = "https://files.pythonhosted.org/packages/75/0d/881866647b8d1be4d67cb24e50d0c26f9f807f994aa1510cb9ba2fe5f612/tiktoken-0.12.0-cp314-cp314-musllinux_1_2_aarch64.whl", hash = "sha256:604831189bd05480f2b885ecd2d1986dc7686f609de48208ebbbddeea071fc0b", size = 1194860 },
    { url = "https://files.pythonhosted.org/packages/b3/1e/b651ec3059474dab649b8d5b69f5c65cd8fcd8918568c1935bd4136c9392/tiktoken-0.12.0-cp314-cp314-musllinux_1_2_x86_64.whl", hash = "sha256:8f317e8530bb3a222547b85a58583238c8f74fd7a7408305f9f63246d1a0958b", size = 1254567 },
    { url = "https://files.pythonhosted.org/packages/80/57/ce64fd16ac390fafde001268c364d559447ba09b509181b2808622420eec/tiktoken-0.12.0-cp314-cp314-win_amd64.whl", hash = "sha256:399c3dd672a6406719d84442299a490420b458c44d3ae65516302a99675888f3", size = 921067 },
    { url = "https://files.pythonhosted.org/packages/ac/a4/72eed53e8976a099539cdd5eb36f241987212c29629d0a52c305173e0a68/tiktoken-0.12.0-cp314-cp314t-macosx_10_13_x86_64.whl", hash = "sha256:c2c714c72bc00a38ca969dae79e8266ddec999c7ceccd603cc4f0d04ccd76365", size = 1050473 },
    { url = "https://files.pythonhosted.org/packages/e6/d7/0110b8f54c008466b19672c615f2168896b83706a6611ba6e47313dbc6e9/tiktoken-0.12.0-cp314-cp314t-macosx_11_0_arm64.whl", hash = "sha256:cbb9a3ba275165a2cb0f9a83f5d7025afe6b9d0ab01a22b50f0e74fee2ad253e", size = 993855 },
    { url = "https://files.pythonhosted.org/packages/5f/77/4f268c41a3957c418b084dd576ea2fad2e95da0d8e1ab705372892c2ca22/tiktoken-0.12.0-cp314-cp314t-manylinux_2_28_aarch64.whl", hash = "sha256:dfdfaa5ffff8993a3af94d1125870b1d27aed7cb97aa7eb8c1cefdbc87dbee63", size = 1129022 },
    { url = "https://files.pythonhosted.org/packages/4e/2b/fc46c90fe5028bd094cd6ee25a7db321cb91d45dc87531e2bdbb26b4867a/tiktoken-0.12.0-cp314-cp314t-manylinux_2_28_x86_64.whl", hash = "sha256:584c3ad3d0c74f5269906eb8a659c8bfc6144a52895d9261cdaf90a0ae5f4de0", size = 1150736 },
    { url = "https://files.pythonhosted.org/packages/28/c0/3c7a39ff68022ddfd7d93f3337ad90389a342f761c4d71de99a3ccc57857/tiktoken-0.12.0-cp314-cp314t-musllinux_1_2_aarch64.whl", hash = "sha256:54c891b416a0e36b8e2045b12b33dd66fb34a4fe7965565f1b482da50da3e86a", size = 1194908 },
    { url = "https://files.pythonhosted.org/packages/ab/0d/c1ad6f4016a3968c048545f5d9b8ffebf577774b2ede3e2e352553b685fe/tiktoken-0.12.0-cp314-cp314t-musllinux_1_2_x86_64.whl", hash = "sha256:5edb8743b88d5be814b1a8a8854494719080c28faaa1ccbef02e87354fe71ef0", size = 1253706 },
    { url = "https://files.pythonhosted.org/packages/af/df/c7891ef9d2712ad774777271d39fdef63941ffba0a9d59b7ad1fd2765e57/tiktoken-0.12.0-cp314-cp314t-win_amd64.whl", hash = "sha256:f61c0aea5565ac82e2ec50a05e02a6c44734e91b51c10510b084ea1b8e633a71", size = 920667 },
]

[[package]]
name = "urllib3"
version = "2.6.3"
source = { registry = "https://pypi.org/simple" }
sdist = { url = "https://files.pythonhosted.org/packages/c7/24/5f1b3bdffd70275f6661c76461e25f024d5a38a46f04aaca912426a2b1d3/urllib3-2.6.3.tar.gz", hash = "sha256:1b62b6884944a57dbe321509ab94fd4d3b307075e0c2eae991ac71ee15ad38ed", size = 435556 }
wheels = [
    { url = "https://files.pythonhosted.org/packages/39/08/aaaad47bc4e9dc8c725e68f9d04865dbcb2052843ff09c97b08904852d84/urllib3-2.6.3-py3-none-any.whl", hash = "sha256:bf272323e553dfb2e87d9bfd225ca7b0f467b919d7bbd355436d3fd37cb0acd4", size = 131584 },
]
